
Microsoft Visual Studio Solution File, Format Version 12.00
# Visual Studio Version 17
VisualStudioVersion = 17.2.32616.157
MinimumVisualStudioVersion = 10.0.40219.1
Project("{FAE04EC0-301F-11D3-BF4B-00C04F79EFBC}") = "xda_csharp_example_mtw_64bit", "xda_csharp_example_mtw_64bit.csproj", "{499D2AE0-EEE6-48E5-9720-1A06C5595CBB}"
EndProject
Global
	GlobalSection(SolutionConfigurationPlatforms) = preSolution
		Debug|x64 = Debug|x64
		Debug|x86 = Debug|x86
		Release|x64 = Release|x64
		Release|x86 = Release|x86
	EndGlobalSection
	GlobalSection(ProjectConfigurationPlatforms) = postSolution
		{499D2AE0-EEE6-48E5-9720-1A06C5595CBB}.Debug|x64.ActiveCfg = Debug|x64
		{499D2AE0-EEE6-48E5-9720-1A06C5595CBB}.Debug|x64.Build.0 = Debug|x64
		{499D2AE0-EEE6-48E5-9720-1A06C5595CBB}.Debug|x86.ActiveCfg = Debug|x64
		{499D2AE0-EEE6-48E5-9720-1A06C5595CBB}.Release|x64.ActiveCfg = Release|x64
		{499D2AE0-EEE6-48E5-9720-1A06C5595CBB}.Release|x64.Build.0 = Release|x64
		{499D2AE0-EEE6-48E5-9720-1A06C5595CBB}.Release|x86.ActiveCfg = Release|x64
	EndGlobalSection
	GlobalSection(SolutionProperties) = preSolution
		HideSolutionNode = FALSE
	EndGlobalSection
	GlobalSection(ExtensibilityGlobals) = postSolution
		SolutionGuid = {6F3240A0-F844-4569-8A7F-0F03A8D881CA}
	EndGlobalSection
EndGlobal
